<?xml version="1.0" encoding="utf-8"?>
<Project ToolsVersion="4.0" xmlns="http://schemas.microsoft.com/developer/msbuild/2003">
  <ItemGroup>
    <Filter Include="Source Files">
      <UniqueIdentifier>{4FC737F1-C7A5-4376-A066-2A32D752A2FF}</UniqueIdentifier>
      <Extensions>cpp;c;cc;cxx;def;odl;idl;hpj;bat;asm;asmx</Extensions>
    </Filter>
    <Filter Include="Header Files">
      <UniqueIdentifier>{93995380-89BD-4b04-88EB-625FBE52EBFB}</UniqueIdentifier>
      <Extensions>h;hh;hpp;hxx;hm;inl;inc;xsd</Extensions>
    </Filter>
    <Filter Include="Resource Files">
      <UniqueIdentifier>{67DA6AB6-F800-4c08-8B7A-83BB121AAD01}</UniqueIdentifier>
      <Extensions>rc;ico;cur;bmp;dlg;rc2;rct;bin;rgs;gif;jpg;jpeg;jpe;resx;tiff;tif;png;wav;mfcribbon-ms</Extensions>
    </Filter>
    <Filter Include="Header Files\Views">
      <UniqueIdentifier>{73845932-ffc4-43b2-9c08-ac48a9a1e1b2}</UniqueIdentifier>
    </Filter>
    <Filter Include="Header Files\Controllers">
      <UniqueIdentifier>{4d4760d8-a1c3-4962-9910-55894091bbbb}</UniqueIdentifier>
    </Filter>
    <Filter Include="Source Files\Views">
      <UniqueIdentifier>{e1455aee-3682-4a1e-a563-8537b1f7529e}</UniqueIdentifier>
    </Filter>
    <Filter Include="Source Files\Controllers">
      <UniqueIdentifier>{b41544ec-95df-4cce-8f92-595cf4e40892}</UniqueIdentifier>
    </Filter>
    <Filter Include="Header Files\Models">
      <UniqueIdentifier>{554f688f-6fc4-4a04-a2a9-ee712a4d7142}</UniqueIdentifier>
    </Filter>
    <Filter Include="Source Files\Models">
      <UniqueIdentifier>{dd40fe65-9168-4eac-bebf-b92a2d6b3530}</UniqueIdentifier>
    </Filter>
    <Filter Include="Header Files\CustomExceptions">
      <UniqueIdentifier>{6412419a-17f0-4a85-b33e-4c63315bc639}</UniqueIdentifier>
    </Filter>
  </ItemGroup>
  <ItemGroup>
    <Text Include="ReadMe.txt" />
  </ItemGroup>
  <ItemGroup>
    <ClInclude Include="stdafx.h">
      <Filter>Header Files</Filter>
    </ClInclude>
    <ClInclude Include="targetver.h">
      <Filter>Header Files</Filter>
    </ClInclude>
    <ClInclude Include="LogOnView.h">
      <Filter>Header Files\Views</Filter>
    </ClInclude>
    <ClInclude Include="ProfessorView.h">
      <Filter>Header Files\Views</Filter>
    </ClInclude>
    <ClInclude Include="StudentView.h">
      <Filter>Header Files\Views</Filter>
    </ClInclude>
    <ClInclude Include="LogOnController.h">
      <Filter>Header Files\Controllers</Filter>
    </ClInclude>
    <ClInclude Include="ProfessorController.h">
      <Filter>Header Files\Controllers</Filter>
    </ClInclude>
    <ClInclude Include="StudentController.h">
      <Filter>Header Files\Controllers</Filter>
    </ClInclude>
    <ClInclude Include="Answer.h">
      <Filter>Header Files\Models</Filter>
    </ClInclude>
    <ClInclude Include="Exam.h">
      <Filter>Header Files\Models</Filter>
    </ClInclude>
    <ClInclude Include="FileRepository.h">
      <Filter>Header Files\Models</Filter>
    </ClInclude>
    <ClInclude Include="IndexItem.h">
      <Filter>Header Files\Models</Filter>
    </ClInclude>
    <ClInclude Include="MenuOptions.h">
      <Filter>Header Files\Models</Filter>
    </ClInclude>
    <ClInclude Include="MCOption.h">
      <Filter>Header Files\Models</Filter>
    </ClInclude>
    <ClInclude Include="MCQuestion.h">
      <Filter>Header Files\Models</Filter>
    </ClInclude>
    <ClInclude Include="Question.h">
      <Filter>Header Files\Models</Filter>
    </ClInclude>
    <ClInclude Include="Repository.h">
      <Filter>Header Files\Models</Filter>
    </ClInclude>
    <ClInclude Include="Student.h">
      <Filter>Header Files\Models</Filter>
    </ClInclude>
    <ClInclude Include="TFQuestion.h">
      <Filter>Header Files\Models</Filter>
    </ClInclude>
    <ClInclude Include="Config.h">
      <Filter>Header Files</Filter>
    </ClInclude>
    <ClInclude Include="QuestionTypes.h">
      <Filter>Header Files\Models</Filter>
    </ClInclude>
    <ClInclude Include="GradedExam.h">
      <Filter>Header Files\Models</Filter>
    </ClInclude>
    <ClInclude Include="AnswerKey.h">
      <Filter>Header Files\Models</Filter>
    </ClInclude>
    <ClInclude Include="AnswerChangeException.h">
      <Filter>Header Files\CustomExceptions</Filter>
    </ClInclude>
    <ClInclude Include="FileNotFoundException.h">
      <Filter>Header Files\CustomExceptions</Filter>
    </ClInclude>
  </ItemGroup>
  <ItemGroup>
    <ClCompile Include="stdafx.cpp">
      <Filter>Source Files</Filter>
    </ClCompile>
    <ClCompile Include="LogOnView.cpp">
      <Filter>Source Files\Views</Filter>
    </ClCompile>
    <ClCompile Include="ProfessorView.cpp">
      <Filter>Source Files\Views</Filter>
    </ClCompile>
    <ClCompile Include="StudentView.cpp">
      <Filter>Source Files\Views</Filter>
    </ClCompile>
    <ClCompile Include="LogOnController.cpp">
      <Filter>Source Files\Controllers</Filter>
    </ClCompile>
    <ClCompile Include="ProfessorController.cpp">
      <Filter>Source Files\Controllers</Filter>
    </ClCompile>
    <ClCompile Include="StudentController.cpp">
      <Filter>Source Files\Controllers</Filter>
    </ClCompile>
    <ClCompile Include="Answer.cpp">
      <Filter>Source Files\Models</Filter>
    </ClCompile>
    <ClCompile Include="Exam.cpp">
      <Filter>Source Files\Models</Filter>
    </ClCompile>
    <ClCompile Include="FileRepository.cpp">
      <Filter>Source Files\Models</Filter>
    </ClCompile>
    <ClCompile Include="IndexItem.cpp">
      <Filter>Source Files\Models</Filter>
    </ClCompile>
    <ClCompile Include="MCOption.cpp">
      <Filter>Source Files\Models</Filter>
    </ClCompile>
    <ClCompile Include="MCQuestion.cpp">
      <Filter>Source Files\Models</Filter>
    </ClCompile>
    <ClCompile Include="Question.cpp">
      <Filter>Source Files\Models</Filter>
    </ClCompile>
    <ClCompile Include="Student.cpp">
      <Filter>Source Files\Models</Filter>
    </ClCompile>
    <ClCompile Include="TFQuestion.cpp">
      <Filter>Source Files\Models</Filter>
    </ClCompile>
    <ClCompile Include="Config.cpp">
      <Filter>Source Files</Filter>
    </ClCompile>
    <ClCompile Include="ExamApp.cpp">
      <Filter>Source Files</Filter>
    </ClCompile>
    <ClCompile Include="GradedExam.cpp">
      <Filter>Source Files\Models</Filter>
    </ClCompile>
    <ClCompile Include="AnswerKey.cpp">
      <Filter>Source Files\Models</Filter>
    </ClCompile>
  </ItemGroup>
</Project>