<?xml version="1.0" encoding="utf-8"?>
<Project ToolsVersion="4.0" xmlns="http://schemas.microsoft.com/developer/msbuild/2003">
  <ItemGroup>
    <Filter Include="Source Files">
      <UniqueIdentifier>{4FC737F1-C7A5-4376-A066-2A32D752A2FF}</UniqueIdentifier>
      <Extensions>cpp;c;cc;cxx;def;odl;idl;hpj;bat;asm;asmx</Extensions>
    </Filter>
    <Filter Include="Header Files">
      <UniqueIdentifier>{93995380-89BD-4b04-88EB-625FBE52EBFB}</UniqueIdentifier>
      <Extensions>h;hh;hpp;hxx;hm;inl;inc;xsd</Extensions>
    </Filter>
    <Filter Include="Resource Files">
      <UniqueIdentifier>{67DA6AB6-F800-4c08-8B7A-83BB121AAD01}</UniqueIdentifier>
      <Extensions>rc;ico;cur;bmp;dlg;rc2;rct;bin;rgs;gif;jpg;jpeg;jpe;resx;tiff;tif;png;wav;mfcribbon-ms</Extensions>
    </Filter>
    <Filter Include="Header Files\Models">
      <UniqueIdentifier>{955972ca-a997-4123-b5f9-81ca72b2a021}</UniqueIdentifier>
    </Filter>
    <Filter Include="Source Files\Models">
      <UniqueIdentifier>{08a8953e-ab2b-4006-a5b8-25a5cbf2bf8c}</UniqueIdentifier>
    </Filter>
    <Filter Include="Header Files\Helpers">
      <UniqueIdentifier>{e344d39f-f589-425d-a99f-edc25bf67ca6}</UniqueIdentifier>
    </Filter>
    <Filter Include="Source Files\Helpers">
      <UniqueIdentifier>{94af1f4f-8997-4101-9442-6c32833ef44b}</UniqueIdentifier>
    </Filter>
    <Filter Include="CustomExceptions">
      <UniqueIdentifier>{30ec241a-50f8-4aa2-b287-a3b35a7ce0f7}</UniqueIdentifier>
    </Filter>
  </ItemGroup>
  <ItemGroup>
    <Text Include="ReadMe.txt" />
  </ItemGroup>
  <ItemGroup>
    <ClInclude Include="stdafx.h">
      <Filter>Header Files</Filter>
    </ClInclude>
    <ClInclude Include="targetver.h">
      <Filter>Header Files</Filter>
    </ClInclude>
    <ClInclude Include="AnswerSheet.h">
      <Filter>Header Files\Models</Filter>
    </ClInclude>
    <ClInclude Include="Answer.h">
      <Filter>Header Files\Models</Filter>
    </ClInclude>
    <ClInclude Include="ExamRubric.h">
      <Filter>Header Files\Models</Filter>
    </ClInclude>
    <ClInclude Include="AnswerKey.h">
      <Filter>Header Files\Models</Filter>
    </ClInclude>
    <ClInclude Include="IndexItem.h">
      <Filter>Header Files\Models</Filter>
    </ClInclude>
    <ClInclude Include="Repository.h">
      <Filter>Header Files\Models</Filter>
    </ClInclude>
    <ClInclude Include="FileRepository.h">
      <Filter>Header Files\Models</Filter>
    </ClInclude>
    <ClInclude Include="Config.h">
      <Filter>Header Files</Filter>
    </ClInclude>
    <ClInclude Include="PointAddOverload.h">
      <Filter>Header Files\Helpers</Filter>
    </ClInclude>
    <ClInclude Include="FileNotFoundException.h">
      <Filter>CustomExceptions</Filter>
    </ClInclude>
  </ItemGroup>
  <ItemGroup>
    <ClCompile Include="stdafx.cpp">
      <Filter>Source Files</Filter>
    </ClCompile>
    <ClCompile Include="ExamGraderApp.cpp">
      <Filter>Source Files</Filter>
    </ClCompile>
    <ClCompile Include="AnswerSheet.cpp">
      <Filter>Source Files\Models</Filter>
    </ClCompile>
    <ClCompile Include="Answer.cpp">
      <Filter>Source Files\Models</Filter>
    </ClCompile>
    <ClCompile Include="ExamRubric.cpp">
      <Filter>Source Files\Models</Filter>
    </ClCompile>
    <ClCompile Include="AnswerKey.cpp">
      <Filter>Source Files\Models</Filter>
    </ClCompile>
    <ClCompile Include="IndexItem.cpp">
      <Filter>Source Files\Models</Filter>
    </ClCompile>
    <ClCompile Include="FileRepository.cpp">
      <Filter>Source Files\Models</Filter>
    </ClCompile>
    <ClCompile Include="Config.cpp">
      <Filter>Source Files</Filter>
    </ClCompile>
    <ClCompile Include="PointAddOverload.cpp">
      <Filter>Source Files\Helpers</Filter>
    </ClCompile>
  </ItemGroup>
</Project>